{
  "version": 4,
  "terraform_version": "1.5.7",
  "serial": 57,
  "lineage": "1867eb38-7784-aac0-2346-08eda0f017c9",
  "outputs": {
    "cloudwatch_log_groups": {
      "value": {
        "go": "/aws/lambda/amoris-chatbot-receiver",
        "python": "/aws/lambda/amoris-chatbot"
      },
      "type": [
        "object",
        {
          "go": "string",
          "python": "string"
        }
      ]
    },
    "python_lambda_arn": {
      "value": "arn:aws:lambda:ca-central-1:928957751564:function:amoris-chatbot",
      "type": "string"
    },
    "receiver_lambda_url": {
      "value": "https://xxxad5ppbatn42w4tnxqndz4vy0oamqf.lambda-url.ca-central-1.on.aws/",
      "type": "string"
    },
    "sqs_queue_url": {
      "value": "https://sqs.ca-central-1.amazonaws.com/928957751564/amoris-chatbot-queue",
      "type": "string"
    }
  },
  "resources": [
    {
      "mode": "managed",
      "type": "aws_cloudwatch_event_rule",
      "name": "sqs_events",
      "provider": "provider[\"registry.terraform.io/hashicorp/aws\"]",
      "instances": [
        {
          "schema_version": 1,
          "attributes": {
            "arn": "arn:aws:events:ca-central-1:928957751564:rule/capture-sqs-messages",
            "description": "Capture messages added to SQS queue",
            "event_bus_name": "default",
            "event_pattern": "{\"detail\":{\"eventName\":[\"SendMessage\"],\"eventSource\":[\"sqs.amazonaws.com\"],\"requestParameters\":{\"queueUrl\":[\"https://sqs.ca-central-1.amazonaws.com/928957751564/amoris-chatbot-queue\"]}},\"detail-type\":[\"AWS API Call via CloudTrail\"],\"source\":[\"aws.sqs\"]}",
            "force_destroy": false,
            "id": "capture-sqs-messages",
            "is_enabled": true,
            "name": "capture-sqs-messages",
            "name_prefix": "",
            "role_arn": "",
            "schedule_expression": "",
            "state": "ENABLED",
            "tags": null,
            "tags_all": {}
          },
          "sensitive_attributes": [],
          "private": "eyJzY2hlbWFfdmVyc2lvbiI6IjEifQ==",
          "dependencies": [
            "aws_sqs_queue.chatbot_queue"
          ]
        }
      ]
    },
    {
      "mode": "managed",
      "type": "aws_cloudwatch_event_target",
      "name": "sqs_to_lambda",
      "provider": "provider[\"registry.terraform.io/hashicorp/aws\"]",
      "instances": [
        {
          "schema_version": 1,
          "attributes": {
            "appsync_target": [],
            "arn": "arn:aws:lambda:ca-central-1:928957751564:function:amoris-chatbot",
            "batch_target": [],
            "dead_letter_config": [],
            "ecs_target": [],
            "event_bus_name": "default",
            "force_destroy": false,
            "http_target": [],
            "id": "capture-sqs-messages-ProcessSQSMessage",
            "input": "",
            "input_path": "",
            "input_transformer": [],
            "kinesis_target": [],
            "redshift_target": [],
            "retry_policy": [],
            "role_arn": "",
            "rule": "capture-sqs-messages",
            "run_command_targets": [],
            "sagemaker_pipeline_target": [],
            "sqs_target": [],
            "target_id": "ProcessSQSMessage"
          },
          "sensitive_attributes": [],
          "private": "eyJzY2hlbWFfdmVyc2lvbiI6IjEifQ==",
          "dependencies": [
            "aws_cloudwatch_event_rule.sqs_events",
            "aws_iam_role.lambda_role",
            "aws_lambda_function.amoris_chatbot",
            "aws_lambda_layer_version.layer_langchain",
            "aws_lambda_layer_version.layer_openai",
            "aws_lambda_layer_version.layer_redis",
            "aws_sqs_queue.chatbot_queue"
          ]
        }
      ]
    },
    {
      "mode": "managed",
      "type": "aws_cloudwatch_log_group",
      "name": "go_lambda_logs",
      "provider": "provider[\"registry.terraform.io/hashicorp/aws\"]",
      "instances": [
        {
          "schema_version": 0,
          "attributes": {
            "arn": "arn:aws:logs:ca-central-1:928957751564:log-group:/aws/lambda/amoris-chatbot-receiver",
            "id": "/aws/lambda/amoris-chatbot-receiver",
            "kms_key_id": "",
            "log_group_class": "STANDARD",
            "name": "/aws/lambda/amoris-chatbot-receiver",
            "name_prefix": "",
            "retention_in_days": 14,
            "skip_destroy": false,
            "tags": null,
            "tags_all": {}
          },
          "sensitive_attributes": [],
          "private": "bnVsbA=="
        }
      ]
    },
    {
      "mode": "managed",
      "type": "aws_cloudwatch_log_group",
      "name": "lambda_logs",
      "provider": "provider[\"registry.terraform.io/hashicorp/aws\"]",
      "instances": [
        {
          "schema_version": 0,
          "attributes": {
            "arn": "arn:aws:logs:ca-central-1:928957751564:log-group:/aws/lambda/amoris-chatbot",
            "id": "/aws/lambda/amoris-chatbot",
            "kms_key_id": "",
            "log_group_class": "STANDARD",
            "name": "/aws/lambda/amoris-chatbot",
            "name_prefix": "",
            "retention_in_days": 14,
            "skip_destroy": false,
            "tags": {},
            "tags_all": {}
          },
          "sensitive_attributes": [],
          "private": "bnVsbA=="
        }
      ]
    },
    {
      "mode": "managed",
      "type": "aws_iam_role",
      "name": "go_lambda_role",
      "provider": "provider[\"registry.terraform.io/hashicorp/aws\"]",
      "instances": [
        {
          "schema_version": 0,
          "attributes": {
            "arn": "arn:aws:iam::928957751564:role/amoris_chatbot_go_lambda_role",
            "assume_role_policy": "{\"Statement\":[{\"Action\":\"sts:AssumeRole\",\"Effect\":\"Allow\",\"Principal\":{\"Service\":\"lambda.amazonaws.com\"}}],\"Version\":\"2012-10-17\"}",
            "create_date": "2024-11-20T15:33:05Z",
            "description": "",
            "force_detach_policies": false,
            "id": "amoris_chatbot_go_lambda_role",
            "inline_policy": [],
            "managed_policy_arns": [],
            "max_session_duration": 3600,
            "name": "amoris_chatbot_go_lambda_role",
            "name_prefix": "",
            "path": "/",
            "permissions_boundary": "",
            "tags": null,
            "tags_all": {},
            "unique_id": "AROA5QSRSMEGGAIYOMCA5"
          },
          "sensitive_attributes": [],
          "private": "bnVsbA=="
        }
      ]
    },
    {
      "mode": "managed",
      "type": "aws_iam_role",
      "name": "lambda_role",
      "provider": "provider[\"registry.terraform.io/hashicorp/aws\"]",
      "instances": [
        {
          "schema_version": 0,
          "attributes": {
            "arn": "arn:aws:iam::928957751564:role/amoris_chatbot_lambda_role",
            "assume_role_policy": "{\"Statement\":[{\"Action\":\"sts:AssumeRole\",\"Effect\":\"Allow\",\"Principal\":{\"Service\":\"lambda.amazonaws.com\"}}],\"Version\":\"2012-10-17\"}",
            "create_date": "2024-11-13T11:15:27Z",
            "description": "",
            "force_detach_policies": false,
            "id": "amoris_chatbot_lambda_role",
            "inline_policy": [],
            "managed_policy_arns": [
              "arn:aws:iam::aws:policy/service-role/AWSLambdaBasicExecutionRole"
            ],
            "max_session_duration": 3600,
            "name": "amoris_chatbot_lambda_role",
            "name_prefix": "",
            "path": "/",
            "permissions_boundary": "",
            "tags": {},
            "tags_all": {},
            "unique_id": "AROA5QSRSMEGMEWDWIPYP"
          },
          "sensitive_attributes": [],
          "private": "bnVsbA=="
        }
      ]
    },
    {
      "mode": "managed",
      "type": "aws_iam_role_policy",
      "name": "go_lambda_sqs",
      "provider": "provider[\"registry.terraform.io/hashicorp/aws\"]",
      "instances": [
        {
          "schema_version": 0,
          "attributes": {
            "id": "amoris_chatbot_go_lambda_role:sqs_access",
            "name": "sqs_access",
            "name_prefix": "",
            "policy": "{\"Version\":\"2012-10-17\",\"Statement\":[{\"Action\":[\"sqs:SendMessage\",\"sqs:GetQueueUrl\"],\"Effect\":\"Allow\",\"Resource\":[\"arn:aws:sqs:ca-central-1:928957751564:amoris-chatbot-queue\"]}]}",
            "role": "amoris_chatbot_go_lambda_role"
          },
          "sensitive_attributes": [],
          "private": "bnVsbA==",
          "dependencies": [
            "aws_iam_role.go_lambda_role",
            "aws_sqs_queue.chatbot_queue"
          ]
        }
      ]
    },
    {
      "mode": "managed",
      "type": "aws_iam_role_policy",
      "name": "python_lambda_sqs",
      "provider": "provider[\"registry.terraform.io/hashicorp/aws\"]",
      "instances": [
        {
          "schema_version": 0,
          "attributes": {
            "id": "amoris_chatbot_lambda_role:sqs_access",
            "name": "sqs_access",
            "name_prefix": "",
            "policy": "{\"Version\":\"2012-10-17\",\"Statement\":[{\"Action\":[\"sqs:ReceiveMessage\",\"sqs:DeleteMessage\",\"sqs:GetQueueAttributes\"],\"Effect\":\"Allow\",\"Resource\":[\"arn:aws:sqs:ca-central-1:928957751564:amoris-chatbot-queue\"]}]}",
            "role": "amoris_chatbot_lambda_role"
          },
          "sensitive_attributes": [],
          "private": "bnVsbA==",
          "dependencies": [
            "aws_iam_role.lambda_role",
            "aws_sqs_queue.chatbot_queue"
          ]
        }
      ]
    },
    {
      "mode": "managed",
      "type": "aws_iam_role_policy_attachment",
      "name": "go_lambda_logs",
      "provider": "provider[\"registry.terraform.io/hashicorp/aws\"]",
      "instances": [
        {
          "schema_version": 0,
          "attributes": {
            "id": "amoris_chatbot_go_lambda_role-20241120153305614000000001",
            "policy_arn": "arn:aws:iam::aws:policy/service-role/AWSLambdaBasicExecutionRole",
            "role": "amoris_chatbot_go_lambda_role"
          },
          "sensitive_attributes": [],
          "private": "bnVsbA==",
          "dependencies": [
            "aws_iam_role.go_lambda_role"
          ]
        }
      ]
    },
    {
      "mode": "managed",
      "type": "aws_iam_role_policy_attachment",
      "name": "lambda_logs",
      "provider": "provider[\"registry.terraform.io/hashicorp/aws\"]",
      "instances": [
        {
          "schema_version": 0,
          "attributes": {
            "id": "amoris_chatbot_lambda_role-20241113111527891200000001",
            "policy_arn": "arn:aws:iam::aws:policy/service-role/AWSLambdaBasicExecutionRole",
            "role": "amoris_chatbot_lambda_role"
          },
          "sensitive_attributes": [],
          "private": "bnVsbA==",
          "dependencies": [
            "aws_iam_role.lambda_role"
          ]
        }
      ]
    },
    {
      "mode": "managed",
      "type": "aws_lambda_function",
      "name": "amoris_chatbot",
      "provider": "provider[\"registry.terraform.io/hashicorp/aws\"]",
      "instances": [
        {
          "schema_version": 0,
          "attributes": {
            "architectures": [
              "x86_64"
            ],
            "arn": "arn:aws:lambda:ca-central-1:928957751564:function:amoris-chatbot",
            "code_sha256": "KiRQ15lt+9YISHGUViHNGvurl+OKj/AqyVInZSA9N9M=",
            "code_signing_config_arn": "",
            "dead_letter_config": [],
            "description": "",
            "environment": [
              {
                "variables": {
                  "OPENAI_API_KEY": "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",
                  "QUEUE_URL": "https://sqs.ca-central-1.amazonaws.com/928957751564/amoris-chatbot-queue",
                  "REDIS_HOST": "redis-16573.c309.us-east-2-1.ec2.redns.redis-cloud.com",
                  "REDIS_PASSWORD": "64wkIAp5iiUyrx4siNckziMfPQeWNkdU",
                  "REDIS_PORT": "16573"
                }
              }
            ],
            "ephemeral_storage": [
              {
                "size": 512
              }
            ],
            "file_system_config": [],
            "filename": "package.zip",
            "function_name": "amoris-chatbot",
            "handler": "lambda.handler",
            "id": "amoris-chatbot",
            "image_config": [],
            "image_uri": "",
            "invoke_arn": "arn:aws:apigateway:ca-central-1:lambda:path/2015-03-31/functions/arn:aws:lambda:ca-central-1:928957751564:function:amoris-chatbot/invocations",
            "kms_key_arn": "",
            "last_modified": "2024-11-20T15:33:31.000+0000",
            "layers": [
              "arn:aws:lambda:ca-central-1:928957751564:layer:amoris_chatbot_langchain:2",
              "arn:aws:lambda:ca-central-1:928957751564:layer:amoris_chatbot_openai:2",
              "arn:aws:lambda:ca-central-1:928957751564:layer:amoris_chatbot_redis:2"
            ],
            "logging_config": [
              {
                "application_log_level": "",
                "log_format": "Text",
                "log_group": "/aws/lambda/amoris-chatbot",
                "system_log_level": ""
              }
            ],
            "memory_size": 256,
            "package_type": "Zip",
            "publish": false,
            "qualified_arn": "arn:aws:lambda:ca-central-1:928957751564:function:amoris-chatbot:$LATEST",
            "qualified_invoke_arn": "arn:aws:apigateway:ca-central-1:lambda:path/2015-03-31/functions/arn:aws:lambda:ca-central-1:928957751564:function:amoris-chatbot:$LATEST/invocations",
            "replace_security_groups_on_destroy": null,
            "replacement_security_group_ids": null,
            "reserved_concurrent_executions": -1,
            "role": "arn:aws:iam::928957751564:role/amoris_chatbot_lambda_role",
            "runtime": "python3.11",
            "s3_bucket": null,
            "s3_key": null,
            "s3_object_version": null,
            "signing_job_arn": "",
            "signing_profile_version_arn": "",
            "skip_destroy": false,
            "snap_start": [],
            "source_code_hash": "",
            "source_code_size": 5629,
            "tags": {},
            "tags_all": {},
            "timeout": 30,
            "timeouts": null,
            "tracing_config": [
              {
                "mode": "PassThrough"
              }
            ],
            "version": "$LATEST",
            "vpc_config": []
          },
          "sensitive_attributes": [
            [
              {
                "type": "get_attr",
                "value": "environment"
              },
              {
                "type": "index",
                "value": {
                  "value": 0,
                  "type": "number"
                }
              },
              {
                "type": "get_attr",
                "value": "variables"
              },
              {
                "type": "index",
                "value": {
                  "value": "OPENAI_API_KEY",
                  "type": "string"
                }
              }
            ],
            [
              {
                "type": "get_attr",
                "value": "environment"
              },
              {
                "type": "index",
                "value": {
                  "value": 0,
                  "type": "number"
                }
              },
              {
                "type": "get_attr",
                "value": "variables"
              },
              {
                "type": "index",
                "value": {
                  "value": "REDIS_HOST",
                  "type": "string"
                }
              }
            ],
            [
              {
                "type": "get_attr",
                "value": "environment"
              },
              {
                "type": "index",
                "value": {
                  "value": 0,
                  "type": "number"
                }
              },
              {
                "type": "get_attr",
                "value": "variables"
              },
              {
                "type": "index",
                "value": {
                  "value": "REDIS_PASSWORD",
                  "type": "string"
                }
              }
            ],
            [
              {
                "type": "get_attr",
                "value": "environment"
              },
              {
                "type": "index",
                "value": {
                  "value": 0,
                  "type": "number"
                }
              },
              {
                "type": "get_attr",
                "value": "variables"
              },
              {
                "type": "index",
                "value": {
                  "value": "REDIS_PORT",
                  "type": "string"
                }
              }
            ]
          ],
          "private": "eyJlMmJmYjczMC1lY2FhLTExZTYtOGY4OC0zNDM2M2JjN2M0YzAiOnsiY3JlYXRlIjo2MDAwMDAwMDAwMDAsImRlbGV0ZSI6NjAwMDAwMDAwMDAwLCJ1cGRhdGUiOjYwMDAwMDAwMDAwMH19",
          "dependencies": [
            "aws_iam_role.lambda_role",
            "aws_lambda_layer_version.layer_langchain",
            "aws_lambda_layer_version.layer_openai",
            "aws_lambda_layer_version.layer_redis",
            "aws_sqs_queue.chatbot_queue"
          ]
        }
      ]
    },
    {
      "mode": "managed",
      "type": "aws_lambda_function",
      "name": "receiver",
      "provider": "provider[\"registry.terraform.io/hashicorp/aws\"]",
      "instances": [
        {
          "schema_version": 0,
          "attributes": {
            "architectures": [
              "arm64"
            ],
            "arn": "arn:aws:lambda:ca-central-1:928957751564:function:amoris-chatbot-receiver",
            "code_sha256": "w1GdirXPeHFdg3CFPhrjZHr+KuUfcY9JBaBGcLy30l0=",
            "code_signing_config_arn": "",
            "dead_letter_config": [],
            "description": "",
            "environment": [
              {
                "variables": {
                  "QUEUE_URL": "https://sqs.ca-central-1.amazonaws.com/928957751564/amoris-chatbot-queue"
                }
              }
            ],
            "ephemeral_storage": [
              {
                "size": 512
              }
            ],
            "file_system_config": [],
            "filename": "receiver.zip",
            "function_name": "amoris-chatbot-receiver",
            "handler": "receiver",
            "id": "amoris-chatbot-receiver",
            "image_config": [],
            "image_uri": "",
            "invoke_arn": "arn:aws:apigateway:ca-central-1:lambda:path/2015-03-31/functions/arn:aws:lambda:ca-central-1:928957751564:function:amoris-chatbot-receiver/invocations",
            "kms_key_arn": "",
            "last_modified": "2024-11-20T15:33:33.738+0000",
            "layers": null,
            "logging_config": [
              {
                "application_log_level": "",
                "log_format": "Text",
                "log_group": "/aws/lambda/amoris-chatbot-receiver",
                "system_log_level": ""
              }
            ],
            "memory_size": 128,
            "package_type": "Zip",
            "publish": false,
            "qualified_arn": "arn:aws:lambda:ca-central-1:928957751564:function:amoris-chatbot-receiver:$LATEST",
            "qualified_invoke_arn": "arn:aws:apigateway:ca-central-1:lambda:path/2015-03-31/functions/arn:aws:lambda:ca-central-1:928957751564:function:amoris-chatbot-receiver:$LATEST/invocations",
            "replace_security_groups_on_destroy": null,
            "replacement_security_group_ids": null,
            "reserved_concurrent_executions": -1,
            "role": "arn:aws:iam::928957751564:role/amoris_chatbot_go_lambda_role",
            "runtime": "provided.al2",
            "s3_bucket": null,
            "s3_key": null,
            "s3_object_version": null,
            "signing_job_arn": "",
            "signing_profile_version_arn": "",
            "skip_destroy": false,
            "snap_start": [],
            "source_code_hash": "",
            "source_code_size": 7284424,
            "tags": null,
            "tags_all": {},
            "timeout": 10,
            "timeouts": null,
            "tracing_config": [
              {
                "mode": "PassThrough"
              }
            ],
            "version": "$LATEST",
            "vpc_config": []
          },
          "sensitive_attributes": [],
          "private": "eyJlMmJmYjczMC1lY2FhLTExZTYtOGY4OC0zNDM2M2JjN2M0YzAiOnsiY3JlYXRlIjo2MDAwMDAwMDAwMDAsImRlbGV0ZSI6NjAwMDAwMDAwMDAwLCJ1cGRhdGUiOjYwMDAwMDAwMDAwMH19",
          "dependencies": [
            "aws_iam_role.go_lambda_role",
            "aws_sqs_queue.chatbot_queue"
          ]
        }
      ]
    },
    {
      "mode": "managed",
      "type": "aws_lambda_function_url",
      "name": "receiver_url",
      "provider": "provider[\"registry.terraform.io/hashicorp/aws\"]",
      "instances": [
        {
          "schema_version": 0,
          "attributes": {
            "authorization_type": "NONE",
            "cors": [
              {
                "allow_credentials": false,
                "allow_headers": null,
                "allow_methods": null,
                "allow_origins": [
                  "*"
                ],
                "expose_headers": null,
                "max_age": 0
              }
            ],
            "function_arn": "arn:aws:lambda:ca-central-1:928957751564:function:amoris-chatbot-receiver",
            "function_name": "amoris-chatbot-receiver",
            "function_url": "https://xxxad5ppbatn42w4tnxqndz4vy0oamqf.lambda-url.ca-central-1.on.aws/",
            "id": "amoris-chatbot-receiver",
            "invoke_mode": "BUFFERED",
            "qualifier": "",
            "timeouts": null,
            "url_id": "xxxad5ppbatn42w4tnxqndz4vy0oamqf"
          },
          "sensitive_attributes": [],
          "private": "eyJlMmJmYjczMC1lY2FhLTExZTYtOGY4OC0zNDM2M2JjN2M0YzAiOnsiY3JlYXRlIjo2MDAwMDAwMDAwMDB9fQ==",
          "dependencies": [
            "aws_iam_role.go_lambda_role",
            "aws_lambda_function.receiver",
            "aws_sqs_queue.chatbot_queue"
          ]
        }
      ]
    },
    {
      "mode": "managed",
      "type": "aws_lambda_layer_version",
      "name": "layer_langchain",
      "provider": "provider[\"registry.terraform.io/hashicorp/aws\"]",
      "instances": [
        {
          "schema_version": 0,
          "attributes": {
            "arn": "arn:aws:lambda:ca-central-1:928957751564:layer:amoris_chatbot_langchain:2",
            "code_sha256": "cGc7aIfuXUlMdlOPOIzg1G82n6FAtoIYu6u/6uPbgLU=",
            "compatible_architectures": [],
            "compatible_runtimes": [
              "python3.11"
            ],
            "created_date": "2024-11-13T11:16:14.440+0000",
            "description": "",
            "filename": null,
            "id": "arn:aws:lambda:ca-central-1:928957751564:layer:amoris_chatbot_langchain:2",
            "layer_arn": "arn:aws:lambda:ca-central-1:928957751564:layer:amoris_chatbot_langchain",
            "layer_name": "amoris_chatbot_langchain",
            "license_info": "",
            "s3_bucket": "amoris-laboris-chatbot",
            "s3_key": "layers/langchain.zip",
            "s3_object_version": null,
            "signing_job_arn": "",
            "signing_profile_version_arn": "",
            "skip_destroy": false,
            "source_code_hash": "",
            "source_code_size": 52955898,
            "version": "2"
          },
          "sensitive_attributes": [],
          "private": "bnVsbA==",
          "dependencies": [
            "aws_s3_bucket.lambda_bucket",
            "aws_s3_object.layer1"
          ]
        }
      ]
    },
    {
      "mode": "managed",
      "type": "aws_lambda_layer_version",
      "name": "layer_openai",
      "provider": "provider[\"registry.terraform.io/hashicorp/aws\"]",
      "instances": [
        {
          "schema_version": 0,
          "attributes": {
            "arn": "arn:aws:lambda:ca-central-1:928957751564:layer:amoris_chatbot_openai:2",
            "code_sha256": "cS61xcimpJZR4lWYeoV9YiHoHmD7TlhSacjs1XP9Z4Q=",
            "compatible_architectures": [],
            "compatible_runtimes": [
              "python3.11"
            ],
            "created_date": "2024-11-13T11:16:04.952+0000",
            "description": "",
            "filename": null,
            "id": "arn:aws:lambda:ca-central-1:928957751564:layer:amoris_chatbot_openai:2",
            "layer_arn": "arn:aws:lambda:ca-central-1:928957751564:layer:amoris_chatbot_openai",
            "layer_name": "amoris_chatbot_openai",
            "license_info": "",
            "s3_bucket": "amoris-laboris-chatbot",
            "s3_key": "layers/openai.zip",
            "s3_object_version": null,
            "signing_job_arn": "",
            "signing_profile_version_arn": "",
            "skip_destroy": false,
            "source_code_hash": "",
            "source_code_size": 12827763,
            "version": "2"
          },
          "sensitive_attributes": [],
          "private": "bnVsbA==",
          "dependencies": [
            "aws_s3_bucket.lambda_bucket",
            "aws_s3_object.layer2"
          ]
        }
      ]
    },
    {
      "mode": "managed",
      "type": "aws_lambda_layer_version",
      "name": "layer_redis",
      "provider": "provider[\"registry.terraform.io/hashicorp/aws\"]",
      "instances": [
        {
          "schema_version": 0,
          "attributes": {
            "arn": "arn:aws:lambda:ca-central-1:928957751564:layer:amoris_chatbot_redis:2",
            "code_sha256": "7XKTFlpMXG9P17BF6Q0HmOd4X3Po1mjBYdeFBFvmJ+U=",
            "compatible_architectures": [],
            "compatible_runtimes": [
              "python3.11"
            ],
            "created_date": "2024-11-13T11:15:37.876+0000",
            "description": "",
            "filename": null,
            "id": "arn:aws:lambda:ca-central-1:928957751564:layer:amoris_chatbot_redis:2",
            "layer_arn": "arn:aws:lambda:ca-central-1:928957751564:layer:amoris_chatbot_redis",
            "layer_name": "amoris_chatbot_redis",
            "license_info": "",
            "s3_bucket": "amoris-laboris-chatbot",
            "s3_key": "layers/redis.zip",
            "s3_object_version": null,
            "signing_job_arn": "",
            "signing_profile_version_arn": "",
            "skip_destroy": false,
            "source_code_hash": "",
            "source_code_size": 824169,
            "version": "2"
          },
          "sensitive_attributes": [],
          "private": "bnVsbA==",
          "dependencies": [
            "aws_s3_bucket.lambda_bucket",
            "aws_s3_object.layer3"
          ]
        }
      ]
    },
    {
      "mode": "managed",
      "type": "aws_s3_bucket",
      "name": "lambda_bucket",
      "provider": "provider[\"registry.terraform.io/hashicorp/aws\"]",
      "instances": [
        {
          "schema_version": 0,
          "attributes": {
            "acceleration_status": "",
            "acl": null,
            "arn": "arn:aws:s3:::amoris-laboris-chatbot",
            "bucket": "amoris-laboris-chatbot",
            "bucket_domain_name": "amoris-laboris-chatbot.s3.amazonaws.com",
            "bucket_prefix": "",
            "bucket_regional_domain_name": "amoris-laboris-chatbot.s3.ca-central-1.amazonaws.com",
            "cors_rule": [],
            "force_destroy": false,
            "grant": [
              {
                "id": "2256c242a7889a385b7c7f974bf0aec40dd7d819bef3ade8928ffd18509f725c",
                "permissions": [
                  "FULL_CONTROL"
                ],
                "type": "CanonicalUser",
                "uri": ""
              }
            ],
            "hosted_zone_id": "Z1QDHH18159H29",
            "id": "amoris-laboris-chatbot",
            "lifecycle_rule": [],
            "logging": [],
            "object_lock_configuration": [],
            "object_lock_enabled": false,
            "policy": "",
            "region": "ca-central-1",
            "replication_configuration": [],
            "request_payer": "BucketOwner",
            "server_side_encryption_configuration": [
              {
                "rule": [
                  {
                    "apply_server_side_encryption_by_default": [
                      {
                        "kms_master_key_id": "",
                        "sse_algorithm": "AES256"
                      }
                    ],
                    "bucket_key_enabled": false
                  }
                ]
              }
            ],
            "tags": {},
            "tags_all": {},
            "timeouts": null,
            "versioning": [
              {
                "enabled": false,
                "mfa_delete": false
              }
            ],
            "website": [],
            "website_domain": null,
            "website_endpoint": null
          },
          "sensitive_attributes": [],
          "private": "eyJlMmJmYjczMC1lY2FhLTExZTYtOGY4OC0zNDM2M2JjN2M0YzAiOnsiY3JlYXRlIjoxMjAwMDAwMDAwMDAwLCJkZWxldGUiOjM2MDAwMDAwMDAwMDAsInJlYWQiOjEyMDAwMDAwMDAwMDAsInVwZGF0ZSI6MTIwMDAwMDAwMDAwMH19"
        }
      ]
    },
    {
      "mode": "managed",
      "type": "aws_s3_object",
      "name": "go_lambda",
      "provider": "provider[\"registry.terraform.io/hashicorp/aws\"]",
      "instances": [
        {
          "schema_version": 0,
          "attributes": {
            "acl": "private",
            "arn": "arn:aws:s3:::amoris-laboris-chatbot/functions/receiver.zip",
            "bucket": "amoris-laboris-chatbot",
            "bucket_key_enabled": false,
            "cache_control": "",
            "checksum_algorithm": null,
            "checksum_crc32": "",
            "checksum_crc32c": "",
            "checksum_sha1": "",
            "checksum_sha256": "",
            "content": null,
            "content_base64": null,
            "content_disposition": "",
            "content_encoding": "",
            "content_language": "",
            "content_type": "binary/octet-stream",
            "etag": "2ee2e664eeac00c33f714b9be6dcd153-2",
            "force_destroy": false,
            "id": "functions/receiver.zip",
            "key": "functions/receiver.zip",
            "kms_key_id": null,
            "metadata": null,
            "object_lock_legal_hold_status": "",
            "object_lock_mode": "",
            "object_lock_retain_until_date": "",
            "override_provider": [],
            "server_side_encryption": "AES256",
            "source": "receiver.zip",
            "source_hash": null,
            "storage_class": "STANDARD",
            "tags": null,
            "tags_all": {},
            "version_id": "",
            "website_redirect": ""
          },
          "sensitive_attributes": [],
          "private": "bnVsbA==",
          "dependencies": [
            "aws_s3_bucket.lambda_bucket"
          ]
        }
      ]
    },
    {
      "mode": "managed",
      "type": "aws_s3_object",
      "name": "layer1",
      "provider": "provider[\"registry.terraform.io/hashicorp/aws\"]",
      "instances": [
        {
          "schema_version": 0,
          "attributes": {
            "acl": "private",
            "arn": "arn:aws:s3:::amoris-laboris-chatbot/layers/langchain.zip",
            "bucket": "amoris-laboris-chatbot",
            "bucket_key_enabled": false,
            "cache_control": "",
            "checksum_algorithm": null,
            "checksum_crc32": "",
            "checksum_crc32c": "",
            "checksum_sha1": "",
            "checksum_sha256": "",
            "content": null,
            "content_base64": null,
            "content_disposition": "",
            "content_encoding": "",
            "content_language": "",
            "content_type": "binary/octet-stream",
            "etag": "b2af1923c0f1c5b06883d4fac49fc716-11",
            "force_destroy": false,
            "id": "layers/langchain.zip",
            "key": "layers/langchain.zip",
            "kms_key_id": null,
            "metadata": {},
            "object_lock_legal_hold_status": "",
            "object_lock_mode": "",
            "object_lock_retain_until_date": "",
            "override_provider": [],
            "server_side_encryption": "AES256",
            "source": "langchain.zip",
            "source_hash": null,
            "storage_class": "STANDARD",
            "tags": {},
            "tags_all": {},
            "version_id": "",
            "website_redirect": ""
          },
          "sensitive_attributes": [],
          "private": "bnVsbA==",
          "dependencies": [
            "aws_s3_bucket.lambda_bucket"
          ]
        }
      ]
    },
    {
      "mode": "managed",
      "type": "aws_s3_object",
      "name": "layer2",
      "provider": "provider[\"registry.terraform.io/hashicorp/aws\"]",
      "instances": [
        {
          "schema_version": 0,
          "attributes": {
            "acl": "private",
            "arn": "arn:aws:s3:::amoris-laboris-chatbot/layers/openai.zip",
            "bucket": "amoris-laboris-chatbot",
            "bucket_key_enabled": false,
            "cache_control": "",
            "checksum_algorithm": null,
            "checksum_crc32": "",
            "checksum_crc32c": "",
            "checksum_sha1": "",
            "checksum_sha256": "",
            "content": null,
            "content_base64": null,
            "content_disposition": "",
            "content_encoding": "",
            "content_language": "",
            "content_type": "binary/octet-stream",
            "etag": "15df5942b7d2d70628683ea8c2685673-3",
            "force_destroy": false,
            "id": "layers/openai.zip",
            "key": "layers/openai.zip",
            "kms_key_id": null,
            "metadata": {},
            "object_lock_legal_hold_status": "",
            "object_lock_mode": "",
            "object_lock_retain_until_date": "",
            "override_provider": [],
            "server_side_encryption": "AES256",
            "source": "openai.zip",
            "source_hash": null,
            "storage_class": "STANDARD",
            "tags": {},
            "tags_all": {},
            "version_id": "",
            "website_redirect": ""
          },
          "sensitive_attributes": [],
          "private": "bnVsbA==",
          "dependencies": [
            "aws_s3_bucket.lambda_bucket"
          ]
        }
      ]
    },
    {
      "mode": "managed",
      "type": "aws_s3_object",
      "name": "layer3",
      "provider": "provider[\"registry.terraform.io/hashicorp/aws\"]",
      "instances": [
        {
          "schema_version": 0,
          "attributes": {
            "acl": "private",
            "arn": "arn:aws:s3:::amoris-laboris-chatbot/layers/redis.zip",
            "bucket": "amoris-laboris-chatbot",
            "bucket_key_enabled": false,
            "cache_control": "",
            "checksum_algorithm": null,
            "checksum_crc32": "",
            "checksum_crc32c": "",
            "checksum_sha1": "",
            "checksum_sha256": "",
            "content": null,
            "content_base64": null,
            "content_disposition": "",
            "content_encoding": "",
            "content_language": "",
            "content_type": "application/octet-stream",
            "etag": "47f6e7b28112a46747277f482bc4558f",
            "force_destroy": false,
            "id": "layers/redis.zip",
            "key": "layers/redis.zip",
            "kms_key_id": null,
            "metadata": {},
            "object_lock_legal_hold_status": "",
            "object_lock_mode": "",
            "object_lock_retain_until_date": "",
            "override_provider": [],
            "server_side_encryption": "AES256",
            "source": "redis.zip",
            "source_hash": null,
            "storage_class": "STANDARD",
            "tags": {},
            "tags_all": {},
            "version_id": "",
            "website_redirect": ""
          },
          "sensitive_attributes": [],
          "private": "bnVsbA==",
          "dependencies": [
            "aws_s3_bucket.lambda_bucket"
          ]
        }
      ]
    },
    {
      "mode": "managed",
      "type": "aws_sqs_queue",
      "name": "chatbot_queue",
      "provider": "provider[\"registry.terraform.io/hashicorp/aws\"]",
      "instances": [
        {
          "schema_version": 0,
          "attributes": {
            "arn": "arn:aws:sqs:ca-central-1:928957751564:amoris-chatbot-queue",
            "content_based_deduplication": false,
            "deduplication_scope": "",
            "delay_seconds": 0,
            "fifo_queue": false,
            "fifo_throughput_limit": "",
            "id": "https://sqs.ca-central-1.amazonaws.com/928957751564/amoris-chatbot-queue",
            "kms_data_key_reuse_period_seconds": 300,
            "kms_master_key_id": "",
            "max_message_size": 262144,
            "message_retention_seconds": 1209600,
            "name": "amoris-chatbot-queue",
            "name_prefix": "",
            "policy": "",
            "receive_wait_time_seconds": 0,
            "redrive_allow_policy": "",
            "redrive_policy": "",
            "sqs_managed_sse_enabled": true,
            "tags": null,
            "tags_all": {},
            "url": "https://sqs.ca-central-1.amazonaws.com/928957751564/amoris-chatbot-queue",
            "visibility_timeout_seconds": 60
          },
          "sensitive_attributes": [],
          "private": "bnVsbA=="
        }
      ]
    }
  ],
  "check_results": null
}
